{
  "name": "@drevops/docker-wait-for-dependencies",
  "version": "1.0.0",
  "lockfileVersion": 3,
  "requires": true,
  "packages": {
    "": {
      "name": "@drevops/docker-wait-for-dependencies",
      "version": "1.0.0",
      "dependencies": {
        "@drevops/bats-helpers": "^1.6.0"
      },
      "devDependencies": {
        "bats-helpers": "npm:@drevops/bats-helpers@^1.5.1"
      }
    },
    "node_modules/@drevops/bats-helpers": {
      "version": "1.6.0",
      "resolved": "https://registry.npmjs.org/@drevops/bats-helpers/-/bats-helpers-1.6.0.tgz",
      "integrity": "sha512-/42f8udsjX6zPdOS1XzZrVKBj/Ixin777n0kePYwxPGqoE78+nh7aHwSNlQ4iR8DeFVz22fDe+gEUDYBT25UaQ==",
      "license": "GPL-2.0-or-later",
      "dependencies": {
        "bats": "^1"
      }
    },
    "node_modules/bats": {
      "version": "1.12.0",
      "resolved": "https://registry.npmjs.org/bats/-/bats-1.12.0.tgz",
      "integrity": "sha512-1HTv2n+fjn3bmY9SNDgmzS6bjoKtVlSK2pIHON5aSA2xaqGkZFoCCWP46/G6jm9zZ7MCi84mD+3Byw4t3KGwBg==",
      "license": "MIT",
      "bin": {
        "bats": "bin/bats"
      }
    },
    "node_modules/bats-helpers": {
      "name": "@drevops/bats-helpers",
      "version": "1.6.0",
      "resolved": "https://registry.npmjs.org/@drevops/bats-helpers/-/bats-helpers-1.6.0.tgz",
      "integrity": "sha512-/42f8udsjX6zPdOS1XzZrVKBj/Ixin777n0kePYwxPGqoE78+nh7aHwSNlQ4iR8DeFVz22fDe+gEUDYBT25UaQ==",
      "dev": true,
      "license": "GPL-2.0-or-later",
      "dependencies": {
        "bats": "^1"
      }
    }
  }
}
